
Microsoft Visual Studio Solution File, Format Version 12.00
# Visual Studio Version 17
VisualStudioVersion = 17.0.31903.59
MinimumVisualStudioVersion = 10.0.40219.1
Project("{FAE04EC0-301F-11D3-BF4B-00C04F79EFBC}") = "auctionServiceAPI", "auctionServiceAPI\auctionServiceAPI.csproj", "{1F963DE9-572D-4B26-8477-434CDEFBB89B}"
EndProject
Project("{FAE04EC0-301F-11D3-BF4B-00C04F79EFBC}") = "auctionServiceAPI.Test", "auctionServiceAPI.Test\auctionServiceAPI.Test.csproj", "{26A8C2A6-43BF-4EE5-8C4B-48A3E9BBCDE8}"
EndProject
Global
	GlobalSection(SolutionConfigurationPlatforms) = preSolution
		Debug|Any CPU = Debug|Any CPU
		Release|Any CPU = Release|Any CPU
	EndGlobalSection
	GlobalSection(SolutionProperties) = preSolution
		HideSolutionNode = FALSE
	EndGlobalSection
	GlobalSection(ProjectConfigurationPlatforms) = postSolution
		{1F963DE9-572D-4B26-8477-434CDEFBB89B}.Debug|Any CPU.ActiveCfg = Debug|Any CPU
		{1F963DE9-572D-4B26-8477-434CDEFBB89B}.Debug|Any CPU.Build.0 = Debug|Any CPU
		{1F963DE9-572D-4B26-8477-434CDEFBB89B}.Release|Any CPU.ActiveCfg = Release|Any CPU
		{1F963DE9-572D-4B26-8477-434CDEFBB89B}.Release|Any CPU.Build.0 = Release|Any CPU
		{26A8C2A6-43BF-4EE5-8C4B-48A3E9BBCDE8}.Debug|Any CPU.ActiveCfg = Debug|Any CPU
		{26A8C2A6-43BF-4EE5-8C4B-48A3E9BBCDE8}.Debug|Any CPU.Build.0 = Debug|Any CPU
		{26A8C2A6-43BF-4EE5-8C4B-48A3E9BBCDE8}.Release|Any CPU.ActiveCfg = Release|Any CPU
		{26A8C2A6-43BF-4EE5-8C4B-48A3E9BBCDE8}.Release|Any CPU.Build.0 = Release|Any CPU
	EndGlobalSection
EndGlobal
